// !$*UTF8*$!
{
	archiveVersion = 1;
	classes = {
	};
	objectVersion = 50;
	objects = {

/* Begin PBXBuildFile section */
		BECA4BBA23CFD157009CF517 /* AppDelegate.swift in Sources */ = {isa = PBXBuildFile; fileRef = BECA4BB923CFD157009CF517 /* AppDelegate.swift */; };
		BECA4BBC23CFD157009CF517 /* SceneDelegate.swift in Sources */ = {isa = PBXBuildFile; fileRef = BECA4BBB23CFD157009CF517 /* SceneDelegate.swift */; };
		BECA4BBE23CFD157009CF517 /* ViewController.swift in Sources */ = {isa = PBXBuildFile; fileRef = BECA4BBD23CFD157009CF517 /* ViewController.swift */; };
		BECA4BC123CFD157009CF517 /* Main.storyboard in Resources */ = {isa = PBXBuildFile; fileRef = BECA4BBF23CFD157009CF517 /* Main.storyboard */; };
		BECA4BC323CFD15A009CF517 /* Assets.xcassets in Resources */ = {isa = PBXBuildFile; fileRef = BECA4BC223CFD15A009CF517 /* Assets.xcassets */; };
		BECA4BC623CFD15A009CF517 /* LaunchScreen.storyboard in Resources */ = {isa = PBXBuildFile; fileRef = BECA4BC423CFD15A009CF517 /* LaunchScreen.storyboard */; };
/* End PBXBuildFile section */

/* Begin PBXFileReference section */
		BECA4BB623CFD157009CF517 /* CollectionViewsLab.app */ = {isa = PBXFileReference; explicitFileType = wrapper.application; includeInIndex = 0; path = CollectionViewsLab.app; sourceTree = BUILT_PRODUCTS_DIR; };
		BECA4BB923CFD157009CF517 /* AppDelegate.swift */ = {isa = PBXFileReference; lastKnownFileType = sourcecode.swift; path = AppDelegate.swift; sourceTree = "<group>"; };
		BECA4BBB23CFD157009CF517 /* SceneDelegate.swift */ = {isa = PBXFileReference; lastKnownFileType = sourcecode.swift; path = SceneDelegate.swift; sourceTree = "<group>"; };
		BECA4BBD23CFD157009CF517 /* ViewController.swift */ = {isa = PBXFileReference; lastKnownFileType = sourcecode.swift; path = ViewController.swift; sourceTree = "<group>"; };
		BECA4BC023CFD157009CF517 /* Base */ = {isa = PBXFileReference; lastKnownFileType = file.storyboard; name = Base; path = Base.lproj/Main.storyboard; sourceTree = "<group>"; };
		BECA4BC223CFD15A009CF517 /* Assets.xcassets */ = {isa = PBXFileReference; lastKnownFileType = folder.assetcatalog; path = Assets.xcassets; sourceTree = "<group>"; };
		BECA4BC523CFD15A009CF517 /* Base */ = {isa = PBXFileReference; lastKnownFileType = file.storyboard; name = Base; path = Base.lproj/LaunchScreen.storyboard; sourceTree = "<group>"; };
		BECA4BC723CFD15A009CF517 /* Info.plist */ = {isa = PBXFileReference; lastKnownFileType = text.plist.xml; path = Info.plist; sourceTree = "<group>"; };
/* End PBXFileReference section */

/* Begin PBXFrameworksBuildPhase section */
		BECA4BB323CFD157009CF517 /* Frameworks */ = {
			isa = PBXFrameworksBuildPhase;
			buildActionMask = 2147483647;
			files = (
			);
			runOnlyForDeploymentPostprocessing = 0;
		};
/* End PBXFrameworksBuildPhase section */

/* Begin PBXGroup section */
		BECA4BAD23CFD157009CF517 = {
			isa = PBXGroup;
			children = (
				BECA4BB823CFD157009CF517 /* CollectionViewsLab */,
				BECA4BB723CFD157009CF517 /* Products */,
			);
			sourceTree = "<group>";
		};
		BECA4BB723CFD157009CF517 /* Products */ = {
			isa = PBXGroup;
			children = (
				BECA4BB623CFD157009CF517 /* CollectionViewsLab.app */,
			);
			name = Products;
			sourceTree = "<group>";
		};
		BECA4BB823CFD157009CF517 /* CollectionViewsLab */ = {
			isa = PBXGroup;
			children = (
				BECA4BB923CFD157009CF517 /* AppDelegate.swift */,
				BECA4BBB23CFD157009CF517 /* SceneDelegate.swift */,
				BECA4BBD23CFD157009CF517 /* ViewController.swift */,
				BECA4BBF23CFD157009CF517 /* Main.storyboard */,
				BECA4BC223CFD15A009CF517 /* Assets.xcassets */,
				BECA4BC423CFD15A009CF517 /* LaunchScreen.storyboard */,
				BECA4BC723CFD15A009CF517 /* Info.plist */,
			);
			path = CollectionViewsLab;
			sourceTree = "<group>";
		};
/* End PBXGroup section */

/* Begin PBXNativeTarget section */
		BECA4BB523CFD157009CF517 /* CollectionViewsLab */ = {
			isa = PBXNativeTarget;
			buildConfigurationList = BECA4BCA23CFD15A009CF517 /* Build configuration list for PBXNativeTarget "CollectionViewsLab" */;
			buildPhases = (
				BECA4BB223CFD157009CF517 /* Sources */,
				BECA4BB323CFD157009CF517 /* Frameworks */,
				BECA4BB423CFD157009CF517 /* Resources */,
			);
			buildRules = (
			);
			dependencies = (
			);
			name = CollectionViewsLab;
			productName = CollectionViewsLab;
			productReference = BECA4BB623CFD157009CF517 /* CollectionViewsLab.app */;
			productType = "com.apple.product-type.application";
		};
/* End PBXNativeTarget section */

/* Begin PBXProject section */
		BECA4BAE23CFD157009CF517 /* Project object */ = {
			isa = PBXProject;
			attributes = {
				LastSwiftUpdateCheck = 1100;
				LastUpgradeCheck = 1100;
				ORGANIZATIONNAME = "Oscar Victoria Gonzalez ";
				TargetAttributes = {
					BECA4BB523CFD157009CF517 = {
						CreatedOnToolsVersion = 11.0;
					};
				};
			};
			buildConfigurationList = BECA4BB123CFD157009CF517 /* Build configuration list for PBXProject "CollectionViewsLab" */;
			compatibilityVersion = "Xcode 9.3";
			developmentRegion = en;
			hasScannedForEncodings = 0;
			knownRegions = (
				en,
				Base,
			);
			mainGroup = BECA4BAD23CFD157009CF517;
			productRefGroup = BECA4BB723CFD157009CF517 /* Products */;
			projectDirPath = "";
			projectRoot = "";
			targets = (
				BECA4BB523CFD157009CF517 /* CollectionViewsLab */,
			);
		};
/* End PBXProject section */

/* Begin PBXResourcesBuildPhase section */
		BECA4BB423CFD157009CF517 /* Resources */ = {
			isa = PBXResourcesBuildPhase;
			buildActionMask = 2147483647;
			files = (
				BECA4BC623CFD15A009CF517 /* LaunchScreen.storyboard in Resources */,
				BECA4BC323CFD15A009CF517 /* Assets.xcassets in Resources */,
				BECA4BC123CFD157009CF517 /* Main.storyboard in Resources */,
			);
			runOnlyForDeploymentPostprocessing = 0;
		};
/* End PBXResourcesBuildPhase section */

/* Begin PBXSourcesBuildPhase section */
		BECA4BB223CFD157009CF517 /* Sources */ = {
			isa = PBXSourcesBuildPhase;
			buildActionMask = 2147483647;
			files = (
				BECA4BBE23CFD157009CF517 /* ViewController.swift in Sources */,
				BECA4BBA23CFD157009CF517 /* AppDelegate.swift in Sources */,
				BECA4BBC23CFD157009CF517 /* SceneDelegate.swift in Sources */,
			);
			runOnlyForDeploymentPostprocessing = 0;
		};
/* End PBXSourcesBuildPhase section */

/* Begin PBXVariantGroup section */
		BECA4BBF23CFD157009CF517 /* Main.storyboard */ = {
			isa = PBXVariantGroup;
			children = (
				BECA4BC023CFD157009CF517 /* Base */,
			);
			name = Main.storyboard;
			sourceTree = "<group>";
		};
		BECA4BC423CFD15A009CF517 /* LaunchScreen.storyboard */ = {
			isa = PBXVariantGroup;
			children = (
				BECA4BC523CFD15A009CF517 /* Base */,
			);
			name = LaunchScreen.storyboard;
			sourceTree = "<group>";
		};
/* End PBXVariantGroup section */

/* Begin XCBuildConfiguration section */
		BECA4BC823CFD15A009CF517 /* Debug */ = {
			isa = XCBuildConfiguration;
			buildSettings = {
				ALWAYS_SEARCH_USER_PATHS = NO;
				CLANG_ANALYZER_NONNULL = YES;
				CLANG_ANALYZER_NUMBER_OBJECT_CONVERSION = YES_AGGRESSIVE;
				CLANG_CXX_LANGUAGE_STANDARD = "gnu++14";
				CLANG_CXX_LIBRARY = "libc++";
				CLANG_ENABLE_MODULES = YES;
				CLANG_ENABLE_OBJC_ARC = YES;
				CLANG_ENABLE_OBJC_WEAK = YES;
				CLANG_WARN_BLOCK_CAPTURE_AUTORELEASING = YES;
				CLANG_WARN_BOOL_CONVERSION = YES;
				CLANG_WARN_COMMA = YES;
				CLANG_WARN_CONSTANT_CONVERSION = YES;
				CLANG_WARN_DEPRECATED_OBJC_IMPLEMENTATIONS = YES;
				CLANG_WARN_DIRECT_OBJC_ISA_USAGE = YES_ERROR;
				CLANG_WARN_DOCUMENTATION_COMMENTS = YES;
				CLANG_WARN_EMPTY_BODY = YES;
				CLANG_WARN_ENUM_CONVERSION = YES;
				CLANG_WARN_INFINITE_RECURSION = YES;
				CLANG_WARN_INT_CONVERSION = YES;
				CLANG_WARN_NON_LITERAL_NULL_CONVERSION = YES;
				CLANG_WARN_OBJC_IMPLICIT_RETAIN_SELF = YES;
				CLANG_WARN_OBJC_LITERAL_CONVERSION = YES;
				CLANG_WARN_OBJC_ROOT_CLASS = YES_ERROR;
				CLANG_WARN_RANGE_LOOP_ANALYSIS = YES;
				CLANG_WARN_STRICT_PROTOTYPES = YES;
				CLANG_WARN_SUSPICIOUS_MOVE = YES;
				CLANG_WARN_UNGUARDED_AVAILABILITY = YES_AGGRESSIVE;
				CLANG_WARN_UNREACHABLE_CODE = YES;
				CLANG_WARN__DUPLICATE_METHOD_MATCH = YES;
				COPY_PHASE_STRIP = NO;
				DEBUG_INFORMATION_FORMAT = dwarf;
				ENABLE_STRICT_OBJC_MSGSEND = YES;
				ENABLE_TESTABILITY = YES;
				GCC_C_LANGUAGE_STANDARD = gnu11;
				GCC_DYNAMIC_NO_PIC = NO;
				GCC_NO_COMMON_BLOCKS = YES;
				GCC_OPTIMIZATION_LEVEL = 0;
				GCC_PREPROCESSOR_DEFINITIONS = (
					"DEBUG=1",
					"$(inherited)",
				);
				GCC_WARN_64_TO_32_BIT_CONVERSION = YES;
				GCC_WARN_ABOUT_RETURN_TYPE = YES_ERROR;
				GCC_WARN_UNDECLARED_SELECTOR = YES;
				GCC_WARN_UNINITIALIZED_AUTOS = YES_AGGRESSIVE;
				GCC_WARN_UNUSED_FUNCTION = YES;
				GCC_WARN_UNUSED_VARIABLE = YES;
				IPHONEOS_DEPLOYMENT_TARGET = 13.0;
				MTL_ENABLE_DEBUG_INFO = INCLUDE_SOURCE;
				MTL_FAST_MATH = YES;
				ONLY_ACTIVE_ARCH = YES;
				SDKROOT = iphoneos;
				SWIFT_ACTIVE_COMPILATION_CONDITIONS = DEBUG;
				SWIFT_OPTIMIZATION_LEVEL = "-Onone";
			};
			name = Debug;
		};
		BECA4BC923CFD15A009CF517 /* Release */ = {
			isa = XCBuildConfiguration;
			buildSettings = {
				ALWAYS_SEARCH_USER_PATHS = NO;
				CLANG_ANALYZER_NONNULL = YES;
				CLANG_ANALYZER_NUMBER_OBJECT_CONVERSION = YES_AGGRESSIVE;
				CLANG_CXX_LANGUAGE_STANDARD = "gnu++14";
				CLANG_CXX_LIBRARY = "libc++";
				CLANG_ENABLE_MODULES = YES;
				CLANG_ENABLE_OBJC_ARC = YES;
				CLANG_ENABLE_OBJC_WEAK = YES;
				CLANG_WARN_BLOCK_CAPTURE_AUTORELEASING = YES;
				CLANG_WARN_BOOL_CONVERSION = YES;
				CLANG_WARN_COMMA = YES;
				CLANG_WARN_CONSTANT_CONVERSION = YES;
				CLANG_WARN_DEPRECATED_OBJC_IMPLEMENTATIONS = YES;
				CLANG_WARN_DIRECT_OBJC_ISA_USAGE = YES_ERROR;
				CLANG_WARN_DOCUMENTATION_COMMENTS = YES;
				CLANG_WARN_EMPTY_BODY = YES;
				CLANG_WARN_ENUM_CONVERSION = YES;
				CLANG_WARN_INFINITE_RECURSION = YES;
				CLANG_WARN_INT_CONVERSION = YES;
				CLANG_WARN_NON_LITERAL_NULL_CONVERSION = YES;
				CLANG_WARN_OBJC_IMPLICIT_RETAIN_SELF = YES;
				CLANG_WARN_OBJC_LITERAL_CONVERSION = YES;
				CLANG_WARN_OBJC_ROOT_CLASS = YES_ERROR;
				CLANG_WARN_RANGE_LOOP_ANALYSIS = YES;
				CLANG_WARN_STRICT_PROTOTYPES = YES;
				CLANG_WARN_SUSPICIOUS_MOVE = YES;
				CLANG_WARN_UNGUARDED_AVAILABILITY = YES_AGGRESSIVE;
				CLANG_WARN_UNREACHABLE_CODE = YES;
				CLANG_WARN__DUPLICATE_METHOD_MATCH = YES;
				COPY_PHASE_STRIP = NO;
				DEBUG_INFORMATION_FORMAT = "dwarf-with-dsym";
				ENABLE_NS_ASSERTIONS = NO;
				ENABLE_STRICT_OBJC_MSGSEND = YES;
				GCC_C_LANGUAGE_STANDARD = gnu11;
				GCC_NO_COMMON_BLOCKS = YES;
				GCC_WARN_64_TO_32_BIT_CONVERSION = YES;
				GCC_WARN_ABOUT_RETURN_TYPE = YES_ERROR;
				GCC_WARN_UNDECLARED_SELECTOR = YES;
				GCC_WARN_UNINITIALIZED_AUTOS = YES_AGGRESSIVE;
				GCC_WARN_UNUSED_FUNCTION = YES;
				GCC_WARN_UNUSED_VARIABLE = YES;
				IPHONEOS_DEPLOYMENT_TARGET = 13.0;
				MTL_ENABLE_DEBUG_INFO = NO;
				MTL_FAST_MATH = YES;
				SDKROOT = iphoneos;
				SWIFT_COMPILATION_MODE = wholemodule;
				SWIFT_OPTIMIZATION_LEVEL = "-O";
				VALIDATE_PRODUCT = YES;
			};
			name = Release;
		};
		BECA4BCB23CFD15A009CF517 /* Debug */ = {
			isa = XCBuildConfiguration;
			buildSettings = {
				ASSETCATALOG_COMPILER_APPICON_NAME = AppIcon;
				CODE_SIGN_STYLE = Automatic;
				DEVELOPMENT_TEAM = S55722VFBC;
				INFOPLIST_FILE = CollectionViewsLab/Info.plist;
				LD_RUNPATH_SEARCH_PATHS = (
					"$(inherited)",
					"@executable_path/Frameworks",
				);
				PRODUCT_BUNDLE_IDENTIFIER = oscarvictoria.CollectionViewsLab;
				PRODUCT_NAME = "$(TARGET_NAME)";
				SWIFT_VERSION = 5.0;
				TARGETED_DEVICE_FAMILY = "1,2";
			};
			name = Debug;
		};
		BECA4BCC23CFD15A009CF517 /* Release */ = {
			isa = XCBuildConfiguration;
			buildSettings = {
				ASSETCATALOG_COMPILER_APPICON_NAME = AppIcon;
				CODE_SIGN_STYLE = Automatic;
				DEVELOPMENT_TEAM = S55722VFBC;
				INFOPLIST_FILE = CollectionViewsLab/Info.plist;
				LD_RUNPATH_SEARCH_PATHS = (
					"$(inherited)",
					"@executable_path/Frameworks",
				);
				PRODUCT_BUNDLE_IDENTIFIER = oscarvictoria.CollectionViewsLab;
				PRODUCT_NAME = "$(TARGET_NAME)";
				SWIFT_VERSION = 5.0;
				TARGETED_DEVICE_FAMILY = "1,2";
			};
			name = Release;
		};
/* End XCBuildConfiguration section */

/* Begin XCConfigurationList section */
		BECA4BB123CFD157009CF517 /* Build configuration list for PBXProject "CollectionViewsLab" */ = {
			isa = XCConfigurationList;
			buildConfigurations = (
				BECA4BC823CFD15A009CF517 /* Debug */,
				BECA4BC923CFD15A009CF517 /* Release */,
			);
			defaultConfigurationIsVisible = 0;
			defaultConfigurationName = Release;
		};
		BECA4BCA23CFD15A009CF517 /* Build configuration list for PBXNativeTarget "CollectionViewsLab" */ = {
			isa = XCConfigurationList;
			buildConfigurations = (
				BECA4BCB23CFD15A009CF517 /* Debug */,
				BECA4BCC23CFD15A009CF517 /* Release */,
			);
			defaultConfigurationIsVisible = 0;
			defaultConfigurationName = Release;
		};
/* End XCConfigurationList section */
	};
	rootObject = BECA4BAE23CFD157009CF517 /* Project object */;
}
